{
    "_readme": [
        "This file locks the dependencies of your project to a known state",
        "Read more about it at https://getcomposer.org/doc/01-basic-usage.md#installing-dependencies",
        "This file is @generated automatically"
    ],
    "content-hash": "cdc951ba98a5871dad57436de31cf625",
    "packages": [
        {
            "name": "overtrue/pinyin",
            "version": "5.0.0",
            "source": {
                "type": "git",
                "url": "https://github.com/overtrue/pinyin.git",
                "reference": "4ee638c108f1230389e17ceaf2d1e0aebc3cedee"
            },
            "dist": {
                "type": "zip",
                "url": "https://api.github.com/repos/overtrue/pinyin/zipball/4ee638c108f1230389e17ceaf2d1e0aebc3cedee",
                "reference": "4ee638c108f1230389e17ceaf2d1e0aebc3cedee",
                "shasum": "",
                "mirrors": [
                    {
                        "url": "https://mirrors.aliyun.com/composer/dists/%package%/%reference%.%type%",
                        "preferred": true
                    }
                ]
            },
            "require": {
                "php": ">=8.0.2"
            },
            "require-dev": {
                "brainmaestro/composer-git-hooks": "^2.7",
                "friendsofphp/php-cs-fixer": "^3.2",
                "nunomaduro/termwind": "^1.13",
                "phpunit/phpunit": "^9.5"
            },
            "type": "library",
            "extra": {
                "hooks": {
                    "pre-commit": [
                        "composer test",
                        "composer fix-style"
                    ],
                    "pre-push": [
                        "composer test",
                        "composer check-style"
                    ]
                }
            },
            "autoload": {
                "psr-4": {
                    "Overtrue\\Pinyin\\": "src/"
                }
            },
            "notification-url": "https://packagist.org/downloads/",
            "license": [
                "MIT"
            ],
            "authors": [
                {
                    "name": "overtrue",
                    "email": "anzhengchao@gmail.com",
                    "homepage": "http://github.com/overtrue"
                }
            ],
            "description": "Chinese to pinyin translator.",
            "homepage": "https://github.com/overtrue/pinyin",
            "keywords": [
                "Chinese",
                "Pinyin",
                "cn2pinyin"
            ],
            "support": {
                "issues": "https://github.com/overtrue/pinyin/issues",
                "source": "https://github.com/overtrue/pinyin/tree/5.0.0"
            },
            "funding": [
                {
                    "url": "https://github.com/overtrue",
                    "type": "github"
                }
            ],
            "time": "2022-07-24T11:43:54+00:00"
        }
    ],
    "packages-dev": [],
    "aliases": [],
    "minimum-stability": "stable",
    "stability-flags": [],
    "prefer-stable": false,
    "prefer-lowest": false,
    "platform": [],
    "platform-dev": [],
    "plugin-api-version": "2.3.0"
}
